
Microsoft Visual Studio Solution File, Format Version 12.00
# Visual Studio 15
VisualStudioVersion = 15.0.28307.168
MinimumVisualStudioVersion = 10.0.40219.1
Project("{8BC9CEB8-8B4A-11D0-8D11-00A0C91BC942}") = "成绩处理链表实现", "成绩处理链表实现\成绩处理链表实现.vcxproj", "{D5BF6956-269D-40E8-AC7F-74C93F0E2637}"
EndProject
Global
	GlobalSection(SolutionConfigurationPlatforms) = preSolution
		Debug|x64 = Debug|x64
		Debug|x86 = Debug|x86
		Release|x64 = Release|x64
		Release|x86 = Release|x86
	EndGlobalSection
	GlobalSection(ProjectConfigurationPlatforms) = postSolution
		{D5BF6956-269D-40E8-AC7F-74C93F0E2637}.Debug|x64.ActiveCfg = Debug|x64
		{D5BF6956-269D-40E8-AC7F-74C93F0E2637}.Debug|x64.Build.0 = Debug|x64
		{D5BF6956-269D-40E8-AC7F-74C93F0E2637}.Debug|x86.ActiveCfg = Debug|Win32
		{D5BF6956-269D-40E8-AC7F-74C93F0E2637}.Debug|x86.Build.0 = Debug|Win32
		{D5BF6956-269D-40E8-AC7F-74C93F0E2637}.Release|x64.ActiveCfg = Release|x64
		{D5BF6956-269D-40E8-AC7F-74C93F0E2637}.Release|x64.Build.0 = Release|x64
		{D5BF6956-269D-40E8-AC7F-74C93F0E2637}.Release|x86.ActiveCfg = Release|Win32
		{D5BF6956-269D-40E8-AC7F-74C93F0E2637}.Release|x86.Build.0 = Release|Win32
	EndGlobalSection
	GlobalSection(SolutionProperties) = preSolution
		HideSolutionNode = FALSE
	EndGlobalSection
	GlobalSection(ExtensibilityGlobals) = postSolution
		SolutionGuid = {53AFBF2C-7FF6-42EF-9330-DE36650F34F6}
	EndGlobalSection
EndGlobal
